
Microsoft Visual Studio Solution File, Format Version 12.00
# Visual Studio Version 16
VisualStudioVersion = 16.0.31112.23
MinimumVisualStudioVersion = 10.0.40219.1
Project("{2150E333-8FDC-42A3-9474-1A3956D46DE8}") = "Chapter02", "Chapter02", "{44BA394C-C7AC-441F-90DC-25A91C7ECB5B}"
EndProject
Project("{FAE04EC0-301F-11D3-BF4B-00C04F79EFBC}") = "DistanceConverter", "DistanceConverter\DistanceConverter.csproj", "{4CD3F137-91AB-4CBD-8345-75A83801FB27}"
EndProject
Project("{FAE04EC0-301F-11D3-BF4B-00C04F79EFBC}") = "SalesCalculator", "SalesCalculator\SalesCalculator.csproj", "{D29BFC98-1500-4B92-8740-A077992ED88E}"
EndProject
Project("{2150E333-8FDC-42A3-9474-1A3956D46DE8}") = "Excercise", "Excercise", "{F6D298DC-7115-48F1-8EC0-59D98DB57572}"
EndProject
Project("{FAE04EC0-301F-11D3-BF4B-00C04F79EFBC}") = "Excercise1", "Excercise1\Excercise1.csproj", "{DAEC1D3B-EE5E-4CA2-A320-980B3898F1B5}"
EndProject
Project("{FAE04EC0-301F-11D3-BF4B-00C04F79EFBC}") = "Excercise2", "Excercise2\Excercise2.csproj", "{0FFE29B2-E790-4A9B-B933-65E24BC76AB4}"
EndProject
Project("{FAE04EC0-301F-11D3-BF4B-00C04F79EFBC}") = "Exercise3", "Exercise3\Exercise3.csproj", "{B3848B45-CE3A-4056-BFD6-5DD6187239C0}"
EndProject
Project("{2150E333-8FDC-42A3-9474-1A3956D46DE8}") = "Chapter03", "Chapter03", "{47B81CB8-1FFC-4A64-80AF-B5691C9321AB}"
EndProject
Project("{FAE04EC0-301F-11D3-BF4B-00C04F79EFBC}") = "Section01", "Section01\Section01.csproj", "{CD51AFEB-39DC-4056-9AA3-2692E226E97A}"
EndProject
Project("{FAE04EC0-301F-11D3-BF4B-00C04F79EFBC}") = "Section01", "Chapter04\Section01\Section01.csproj", "{343B5E78-6C27-48C2-A2D6-3D44621504FB}"
EndProject
Project("{2150E333-8FDC-42A3-9474-1A3956D46DE8}") = "Chapter04", "Chapter04", "{0F11D228-56D8-4316-944E-754D0855E8CA}"
EndProject
Project("{FAE04EC0-301F-11D3-BF4B-00C04F79EFBC}") = "Exercise1", "Chapter04\Exercise\Exercise1\Exercise1.csproj", "{472332BB-E5D7-4077-AA26-68E59DC17224}"
EndProject
Project("{2150E333-8FDC-42A3-9474-1A3956D46DE8}") = "Exercise", "Exercise", "{AFF92869-A7D6-4363-A5D6-45AEF3BE33FB}"
EndProject
Project("{FAE04EC0-301F-11D3-BF4B-00C04F79EFBC}") = "Exercise2", "Chapter04\Exercise\Exercise2\Exercise2.csproj", "{83739810-0243-4822-8F99-0C1ADC764B27}"
EndProject
Project("{FAE04EC0-301F-11D3-BF4B-00C04F79EFBC}") = "Exercise1", "Chapter05\Exercise1\Exercise1.csproj", "{6DA31E17-0A8F-464B-9837-97A65469569C}"
EndProject
Project("{2150E333-8FDC-42A3-9474-1A3956D46DE8}") = "Chapter05", "Chapter05", "{5F1A8D77-A82F-4A75-BA44-31B44A9EA46A}"
EndProject
Project("{FAE04EC0-301F-11D3-BF4B-00C04F79EFBC}") = "Test01", "TestProject\Test01\Test01.csproj", "{2BFACDC3-F44D-4199-8498-F5C3C4AC0335}"
EndProject
Project("{FAE04EC0-301F-11D3-BF4B-00C04F79EFBC}") = "Test02", "TestProject\Test02\Test02.csproj", "{E461C0A8-8900-485C-B520-E929BA33F712}"
EndProject
Project("{2150E333-8FDC-42A3-9474-1A3956D46DE8}") = "TestProject", "TestProject", "{7E15635F-4C7D-4663-921E-2B806DA90A93}"
EndProject
Project("{FAE04EC0-301F-11D3-BF4B-00C04F79EFBC}") = "Exercise2", "Chapter05\Exercise2\Exercise2.csproj", "{D0E4B1B5-419B-4C58-8D48-C520846C5BBA}"
EndProject
Project("{FAE04EC0-301F-11D3-BF4B-00C04F79EFBC}") = "Exercise3", "Chapter05\Exercise3\Exercise3.csproj", "{10A5FEF3-2A25-41A3-B8E9-1C2F43C80DB4}"
EndProject
Project("{FAE04EC0-301F-11D3-BF4B-00C04F79EFBC}") = "Section01", "Chapter06\Section01\Section01.csproj", "{9DA8A8E0-BF1E-430F-9EBA-0F2EC29BDD5F}"
EndProject
Project("{2150E333-8FDC-42A3-9474-1A3956D46DE8}") = "Chapter06", "Chapter06", "{02943A02-A654-44DC-896A-FB71DC3C98C0}"
EndProject
Project("{FAE04EC0-301F-11D3-BF4B-00C04F79EFBC}") = "Exercise1", "Chapter06\Exercise\Exercise1\Exercise1.csproj", "{0B2ABEE8-0E3E-49A4-A6BC-C08FA88E22F4}"
EndProject
Project("{FAE04EC0-301F-11D3-BF4B-00C04F79EFBC}") = "Exercise2", "Chapter06\Exercise02\Exercise2.csproj", "{A2CC7D71-8ECF-4318-A0DE-31E26D9F5F7F}"
EndProject
Project("{FAE04EC0-301F-11D3-BF4B-00C04F79EFBC}") = "Exercise1", "Chapter07\Exercise1\Exercise1.csproj", "{37BD61C5-75C6-4A59-A600-4F44E7F29E64}"
EndProject
Project("{2150E333-8FDC-42A3-9474-1A3956D46DE8}") = "Chapter07", "Chapter07", "{FE0BFF6D-5CED-4FA4-883B-9B7F5B57B06E}"
EndProject
Project("{FAE04EC0-301F-11D3-BF4B-00C04F79EFBC}") = "Section03", "Section03\Section03.csproj", "{9666A25E-BC82-487A-A2BF-FF02E7DD010C}"
EndProject
Project("{2150E333-8FDC-42A3-9474-1A3956D46DE8}") = "Chapter08", "Chapter08", "{3CD32F44-6820-40A2-9D13-5EBA3F3C6982}"
EndProject
Project("{FAE04EC0-301F-11D3-BF4B-00C04F79EFBC}") = "Exercise1", "Chapter08\Exercise1\Exercise1.csproj", "{15F750E5-CA97-42C4-A133-1B2CD0A8D64D}"
EndProject
Project("{2150E333-8FDC-42A3-9474-1A3956D46DE8}") = "Exercise", "Exercise", "{F8AA0E74-C14F-4E81-A5DB-C457B8C34552}"
EndProject
Project("{FAE04EC0-301F-11D3-BF4B-00C04F79EFBC}") = "Exercise1", "Chapter08\Exercise\Exercise1\Exercise1.csproj", "{488810AF-8A12-4906-A59F-5759801E01B6}"
EndProject
Project("{FAE04EC0-301F-11D3-BF4B-00C04F79EFBC}") = "StopWatch", "Chapter08\StopWatch\StopWatch.csproj", "{8DA2AEDB-9F5E-47D1-B745-EBD61FC4C446}"
EndProject
Project("{2150E333-8FDC-42A3-9474-1A3956D46DE8}") = "CarReportSystem", "CarReportSystem", "{41335653-BD60-4A2F-989F-2245306B6D69}"
EndProject
Project("{FAE04EC0-301F-11D3-BF4B-00C04F79EFBC}") = "CarReportSystem", "CarReportSystem\CarReportSystem\CarReportSystem.csproj", "{6AB580F9-7020-45CF-955F-A9A5AB2EAFF5}"
EndProject
Project("{FAE04EC0-301F-11D3-BF4B-00C04F79EFBC}") = "Exercise1", "Chapter09\Exercise1\Exercise1.csproj", "{26F9B1D0-97F0-4C1F-AE3A-7B0C32A74BCB}"
EndProject
Project("{2150E333-8FDC-42A3-9474-1A3956D46DE8}") = "Chapter09", "Chapter09", "{C2F65678-F5D2-477D-B8D9-4CDBCCEFE30B}"
EndProject
Project("{FAE04EC0-301F-11D3-BF4B-00C04F79EFBC}") = "Exercise2", "Chapter09\Exercise2\Exercise2.csproj", "{04F2C793-FB45-4008-A07F-06D14F420533}"
EndProject
Project("{FAE04EC0-301F-11D3-BF4B-00C04F79EFBC}") = "Sample0823", "Sample0823\Sample0823.csproj", "{670484B6-9F66-41A5-B38D-0F8AFA88A55C}"
EndProject
Project("{FAE04EC0-301F-11D3-BF4B-00C04F79EFBC}") = "Section01", "Chapter11\Section01\Section01.csproj", "{FB1C78F7-D83E-453D-B297-C7D56F7EC221}"
EndProject
Project("{2150E333-8FDC-42A3-9474-1A3956D46DE8}") = "Chapter11", "Chapter11", "{61681DEC-0DF7-477E-BB80-723B29A0DD5D}"
	ProjectSection(SolutionItems) = preProject
		..\..\..\..\Downloads\novelists.xml = ..\..\..\..\Downloads\novelists.xml
	EndProjectSection
EndProject
Project("{FAE04EC0-301F-11D3-BF4B-00C04F79EFBC}") = "Exercise1", "Chapter11\Exercise1\Exercise1.csproj", "{F4E095A0-2D8D-4088-9773-A27FB41CFC50}"
EndProject
Project("{FAE04EC0-301F-11D3-BF4B-00C04F79EFBC}") = "Section02", "Chapter11\Section02\Section02.csproj", "{4DAE78FC-5C07-48F4-B563-32EBB75C18D8}"
EndProject
Project("{2150E333-8FDC-42A3-9474-1A3956D46DE8}") = "Chapter14", "Chapter14", "{4F3ADA19-D920-4F35-85D5-B80B3A21BB4A}"
EndProject
Project("{FAE04EC0-301F-11D3-BF4B-00C04F79EFBC}") = "Section04", "Chapter14\ConsoleApp1\Section04.csproj", "{74C43386-7142-4B7D-B7AB-8EE721F91919}"
EndProject
Project("{FAE04EC0-301F-11D3-BF4B-00C04F79EFBC}") = "WeatherApp", "Chapter14\WeatherApp\WeatherApp.csproj", "{1D1642DA-E796-4245-9CA7-018EE64E33F1}"
EndProject
Project("{2150E333-8FDC-42A3-9474-1A3956D46DE8}") = "RSSReader", "RSSReader", "{78AF78D7-240B-4CEA-A4E4-25C7BD68006B}"
EndProject
Project("{FAE04EC0-301F-11D3-BF4B-00C04F79EFBC}") = "RssReader", "RssReader\RssReader\RssReader.csproj", "{D7FC7520-D12D-4039-B469-1596C6097710}"
EndProject
Project("{2150E333-8FDC-42A3-9474-1A3956D46DE8}") = "SendMail", "SendMail", "{EDCA3EE9-F9B2-45DC-A2C2-78EE1BFAC1C1}"
EndProject
Project("{FAE04EC0-301F-11D3-BF4B-00C04F79EFBC}") = "SendMail", "SendMail\SendMail\SendMail.csproj", "{6E4EBBDB-1DE1-4F79-9AD1-259A30D33B39}"
EndProject
Project("{FAE04EC0-301F-11D3-BF4B-00C04F79EFBC}") = "Section04_Json", "Chapter14\Section04_Json\Section04_Json.csproj", "{345D9CE9-EAB4-48F8-AF21-2280F2647F5B}"
EndProject
Global
	GlobalSection(SolutionConfigurationPlatforms) = preSolution
		Debug|Any CPU = Debug|Any CPU
		Release|Any CPU = Release|Any CPU
	EndGlobalSection
	GlobalSection(ProjectConfigurationPlatforms) = postSolution
		{4CD3F137-91AB-4CBD-8345-75A83801FB27}.Debug|Any CPU.ActiveCfg = Debug|Any CPU
		{4CD3F137-91AB-4CBD-8345-75A83801FB27}.Debug|Any CPU.Build.0 = Debug|Any CPU
		{4CD3F137-91AB-4CBD-8345-75A83801FB27}.Release|Any CPU.ActiveCfg = Release|Any CPU
		{4CD3F137-91AB-4CBD-8345-75A83801FB27}.Release|Any CPU.Build.0 = Release|Any CPU
		{D29BFC98-1500-4B92-8740-A077992ED88E}.Debug|Any CPU.ActiveCfg = Debug|Any CPU
		{D29BFC98-1500-4B92-8740-A077992ED88E}.Debug|Any CPU.Build.0 = Debug|Any CPU
		{D29BFC98-1500-4B92-8740-A077992ED88E}.Release|Any CPU.ActiveCfg = Release|Any CPU
		{D29BFC98-1500-4B92-8740-A077992ED88E}.Release|Any CPU.Build.0 = Release|Any CPU
		{DAEC1D3B-EE5E-4CA2-A320-980B3898F1B5}.Debug|Any CPU.ActiveCfg = Debug|Any CPU
		{DAEC1D3B-EE5E-4CA2-A320-980B3898F1B5}.Debug|Any CPU.Build.0 = Debug|Any CPU
		{DAEC1D3B-EE5E-4CA2-A320-980B3898F1B5}.Release|Any CPU.ActiveCfg = Release|Any CPU
		{DAEC1D3B-EE5E-4CA2-A320-980B3898F1B5}.Release|Any CPU.Build.0 = Release|Any CPU
		{0FFE29B2-E790-4A9B-B933-65E24BC76AB4}.Debug|Any CPU.ActiveCfg = Debug|Any CPU
		{0FFE29B2-E790-4A9B-B933-65E24BC76AB4}.Debug|Any CPU.Build.0 = Debug|Any CPU
		{0FFE29B2-E790-4A9B-B933-65E24BC76AB4}.Release|Any CPU.ActiveCfg = Release|Any CPU
		{0FFE29B2-E790-4A9B-B933-65E24BC76AB4}.Release|Any CPU.Build.0 = Release|Any CPU
		{B3848B45-CE3A-4056-BFD6-5DD6187239C0}.Debug|Any CPU.ActiveCfg = Debug|Any CPU
		{B3848B45-CE3A-4056-BFD6-5DD6187239C0}.Debug|Any CPU.Build.0 = Debug|Any CPU
		{B3848B45-CE3A-4056-BFD6-5DD6187239C0}.Release|Any CPU.ActiveCfg = Release|Any CPU
		{B3848B45-CE3A-4056-BFD6-5DD6187239C0}.Release|Any CPU.Build.0 = Release|Any CPU
		{CD51AFEB-39DC-4056-9AA3-2692E226E97A}.Debug|Any CPU.ActiveCfg = Debug|Any CPU
		{CD51AFEB-39DC-4056-9AA3-2692E226E97A}.Debug|Any CPU.Build.0 = Debug|Any CPU
		{CD51AFEB-39DC-4056-9AA3-2692E226E97A}.Release|Any CPU.ActiveCfg = Release|Any CPU
		{CD51AFEB-39DC-4056-9AA3-2692E226E97A}.Release|Any CPU.Build.0 = Release|Any CPU
		{343B5E78-6C27-48C2-A2D6-3D44621504FB}.Debug|Any CPU.ActiveCfg = Debug|Any CPU
		{343B5E78-6C27-48C2-A2D6-3D44621504FB}.Debug|Any CPU.Build.0 = Debug|Any CPU
		{343B5E78-6C27-48C2-A2D6-3D44621504FB}.Release|Any CPU.ActiveCfg = Release|Any CPU
		{343B5E78-6C27-48C2-A2D6-3D44621504FB}.Release|Any CPU.Build.0 = Release|Any CPU
		{472332BB-E5D7-4077-AA26-68E59DC17224}.Debug|Any CPU.ActiveCfg = Debug|Any CPU
		{472332BB-E5D7-4077-AA26-68E59DC17224}.Debug|Any CPU.Build.0 = Debug|Any CPU
		{472332BB-E5D7-4077-AA26-68E59DC17224}.Release|Any CPU.ActiveCfg = Release|Any CPU
		{472332BB-E5D7-4077-AA26-68E59DC17224}.Release|Any CPU.Build.0 = Release|Any CPU
		{83739810-0243-4822-8F99-0C1ADC764B27}.Debug|Any CPU.ActiveCfg = Debug|Any CPU
		{83739810-0243-4822-8F99-0C1ADC764B27}.Debug|Any CPU.Build.0 = Debug|Any CPU
		{83739810-0243-4822-8F99-0C1ADC764B27}.Release|Any CPU.ActiveCfg = Release|Any CPU
		{83739810-0243-4822-8F99-0C1ADC764B27}.Release|Any CPU.Build.0 = Release|Any CPU
		{6DA31E17-0A8F-464B-9837-97A65469569C}.Debug|Any CPU.ActiveCfg = Debug|Any CPU
		{6DA31E17-0A8F-464B-9837-97A65469569C}.Debug|Any CPU.Build.0 = Debug|Any CPU
		{6DA31E17-0A8F-464B-9837-97A65469569C}.Release|Any CPU.ActiveCfg = Release|Any CPU
		{6DA31E17-0A8F-464B-9837-97A65469569C}.Release|Any CPU.Build.0 = Release|Any CPU
		{2BFACDC3-F44D-4199-8498-F5C3C4AC0335}.Debug|Any CPU.ActiveCfg = Debug|Any CPU
		{2BFACDC3-F44D-4199-8498-F5C3C4AC0335}.Debug|Any CPU.Build.0 = Debug|Any CPU
		{2BFACDC3-F44D-4199-8498-F5C3C4AC0335}.Release|Any CPU.ActiveCfg = Release|Any CPU
		{2BFACDC3-F44D-4199-8498-F5C3C4AC0335}.Release|Any CPU.Build.0 = Release|Any CPU
		{E461C0A8-8900-485C-B520-E929BA33F712}.Debug|Any CPU.ActiveCfg = Debug|Any CPU
		{E461C0A8-8900-485C-B520-E929BA33F712}.Debug|Any CPU.Build.0 = Debug|Any CPU
		{E461C0A8-8900-485C-B520-E929BA33F712}.Release|Any CPU.ActiveCfg = Release|Any CPU
		{E461C0A8-8900-485C-B520-E929BA33F712}.Release|Any CPU.Build.0 = Release|Any CPU
		{D0E4B1B5-419B-4C58-8D48-C520846C5BBA}.Debug|Any CPU.ActiveCfg = Debug|Any CPU
		{D0E4B1B5-419B-4C58-8D48-C520846C5BBA}.Debug|Any CPU.Build.0 = Debug|Any CPU
		{D0E4B1B5-419B-4C58-8D48-C520846C5BBA}.Release|Any CPU.ActiveCfg = Release|Any CPU
		{D0E4B1B5-419B-4C58-8D48-C520846C5BBA}.Release|Any CPU.Build.0 = Release|Any CPU
		{10A5FEF3-2A25-41A3-B8E9-1C2F43C80DB4}.Debug|Any CPU.ActiveCfg = Debug|Any CPU
		{10A5FEF3-2A25-41A3-B8E9-1C2F43C80DB4}.Debug|Any CPU.Build.0 = Debug|Any CPU
		{10A5FEF3-2A25-41A3-B8E9-1C2F43C80DB4}.Release|Any CPU.ActiveCfg = Release|Any CPU
		{10A5FEF3-2A25-41A3-B8E9-1C2F43C80DB4}.Release|Any CPU.Build.0 = Release|Any CPU
		{9DA8A8E0-BF1E-430F-9EBA-0F2EC29BDD5F}.Debug|Any CPU.ActiveCfg = Debug|Any CPU
		{9DA8A8E0-BF1E-430F-9EBA-0F2EC29BDD5F}.Debug|Any CPU.Build.0 = Debug|Any CPU
		{9DA8A8E0-BF1E-430F-9EBA-0F2EC29BDD5F}.Release|Any CPU.ActiveCfg = Release|Any CPU
		{9DA8A8E0-BF1E-430F-9EBA-0F2EC29BDD5F}.Release|Any CPU.Build.0 = Release|Any CPU
		{0B2ABEE8-0E3E-49A4-A6BC-C08FA88E22F4}.Debug|Any CPU.ActiveCfg = Debug|Any CPU
		{0B2ABEE8-0E3E-49A4-A6BC-C08FA88E22F4}.Debug|Any CPU.Build.0 = Debug|Any CPU
		{0B2ABEE8-0E3E-49A4-A6BC-C08FA88E22F4}.Release|Any CPU.ActiveCfg = Release|Any CPU
		{0B2ABEE8-0E3E-49A4-A6BC-C08FA88E22F4}.Release|Any CPU.Build.0 = Release|Any CPU
		{A2CC7D71-8ECF-4318-A0DE-31E26D9F5F7F}.Debug|Any CPU.ActiveCfg = Debug|Any CPU
		{A2CC7D71-8ECF-4318-A0DE-31E26D9F5F7F}.Debug|Any CPU.Build.0 = Debug|Any CPU
		{A2CC7D71-8ECF-4318-A0DE-31E26D9F5F7F}.Release|Any CPU.ActiveCfg = Release|Any CPU
		{A2CC7D71-8ECF-4318-A0DE-31E26D9F5F7F}.Release|Any CPU.Build.0 = Release|Any CPU
		{37BD61C5-75C6-4A59-A600-4F44E7F29E64}.Debug|Any CPU.ActiveCfg = Debug|Any CPU
		{37BD61C5-75C6-4A59-A600-4F44E7F29E64}.Debug|Any CPU.Build.0 = Debug|Any CPU
		{37BD61C5-75C6-4A59-A600-4F44E7F29E64}.Release|Any CPU.ActiveCfg = Release|Any CPU
		{37BD61C5-75C6-4A59-A600-4F44E7F29E64}.Release|Any CPU.Build.0 = Release|Any CPU
		{9666A25E-BC82-487A-A2BF-FF02E7DD010C}.Debug|Any CPU.ActiveCfg = Debug|Any CPU
		{9666A25E-BC82-487A-A2BF-FF02E7DD010C}.Debug|Any CPU.Build.0 = Debug|Any CPU
		{9666A25E-BC82-487A-A2BF-FF02E7DD010C}.Release|Any CPU.ActiveCfg = Release|Any CPU
		{9666A25E-BC82-487A-A2BF-FF02E7DD010C}.Release|Any CPU.Build.0 = Release|Any CPU
		{15F750E5-CA97-42C4-A133-1B2CD0A8D64D}.Debug|Any CPU.ActiveCfg = Debug|Any CPU
		{15F750E5-CA97-42C4-A133-1B2CD0A8D64D}.Debug|Any CPU.Build.0 = Debug|Any CPU
		{15F750E5-CA97-42C4-A133-1B2CD0A8D64D}.Release|Any CPU.ActiveCfg = Release|Any CPU
		{15F750E5-CA97-42C4-A133-1B2CD0A8D64D}.Release|Any CPU.Build.0 = Release|Any CPU
		{488810AF-8A12-4906-A59F-5759801E01B6}.Debug|Any CPU.ActiveCfg = Debug|Any CPU
		{488810AF-8A12-4906-A59F-5759801E01B6}.Debug|Any CPU.Build.0 = Debug|Any CPU
		{488810AF-8A12-4906-A59F-5759801E01B6}.Release|Any CPU.ActiveCfg = Release|Any CPU
		{488810AF-8A12-4906-A59F-5759801E01B6}.Release|Any CPU.Build.0 = Release|Any CPU
		{8DA2AEDB-9F5E-47D1-B745-EBD61FC4C446}.Debug|Any CPU.ActiveCfg = Debug|Any CPU
		{8DA2AEDB-9F5E-47D1-B745-EBD61FC4C446}.Debug|Any CPU.Build.0 = Debug|Any CPU
		{8DA2AEDB-9F5E-47D1-B745-EBD61FC4C446}.Release|Any CPU.ActiveCfg = Release|Any CPU
		{8DA2AEDB-9F5E-47D1-B745-EBD61FC4C446}.Release|Any CPU.Build.0 = Release|Any CPU
		{6AB580F9-7020-45CF-955F-A9A5AB2EAFF5}.Debug|Any CPU.ActiveCfg = Debug|Any CPU
		{6AB580F9-7020-45CF-955F-A9A5AB2EAFF5}.Debug|Any CPU.Build.0 = Debug|Any CPU
		{6AB580F9-7020-45CF-955F-A9A5AB2EAFF5}.Release|Any CPU.ActiveCfg = Release|Any CPU
		{6AB580F9-7020-45CF-955F-A9A5AB2EAFF5}.Release|Any CPU.Build.0 = Release|Any CPU
		{26F9B1D0-97F0-4C1F-AE3A-7B0C32A74BCB}.Debug|Any CPU.ActiveCfg = Debug|Any CPU
		{26F9B1D0-97F0-4C1F-AE3A-7B0C32A74BCB}.Debug|Any CPU.Build.0 = Debug|Any CPU
		{26F9B1D0-97F0-4C1F-AE3A-7B0C32A74BCB}.Release|Any CPU.ActiveCfg = Release|Any CPU
		{26F9B1D0-97F0-4C1F-AE3A-7B0C32A74BCB}.Release|Any CPU.Build.0 = Release|Any CPU
		{04F2C793-FB45-4008-A07F-06D14F420533}.Debug|Any CPU.ActiveCfg = Debug|Any CPU
		{04F2C793-FB45-4008-A07F-06D14F420533}.Debug|Any CPU.Build.0 = Debug|Any CPU
		{04F2C793-FB45-4008-A07F-06D14F420533}.Release|Any CPU.ActiveCfg = Release|Any CPU
		{04F2C793-FB45-4008-A07F-06D14F420533}.Release|Any CPU.Build.0 = Release|Any CPU
		{670484B6-9F66-41A5-B38D-0F8AFA88A55C}.Debug|Any CPU.ActiveCfg = Debug|Any CPU
		{670484B6-9F66-41A5-B38D-0F8AFA88A55C}.Debug|Any CPU.Build.0 = Debug|Any CPU
		{670484B6-9F66-41A5-B38D-0F8AFA88A55C}.Release|Any CPU.ActiveCfg = Release|Any CPU
		{670484B6-9F66-41A5-B38D-0F8AFA88A55C}.Release|Any CPU.Build.0 = Release|Any CPU
		{FB1C78F7-D83E-453D-B297-C7D56F7EC221}.Debug|Any CPU.ActiveCfg = Debug|Any CPU
		{FB1C78F7-D83E-453D-B297-C7D56F7EC221}.Debug|Any CPU.Build.0 = Debug|Any CPU
		{FB1C78F7-D83E-453D-B297-C7D56F7EC221}.Release|Any CPU.ActiveCfg = Release|Any CPU
		{FB1C78F7-D83E-453D-B297-C7D56F7EC221}.Release|Any CPU.Build.0 = Release|Any CPU
		{F4E095A0-2D8D-4088-9773-A27FB41CFC50}.Debug|Any CPU.ActiveCfg = Debug|Any CPU
		{F4E095A0-2D8D-4088-9773-A27FB41CFC50}.Debug|Any CPU.Build.0 = Debug|Any CPU
		{F4E095A0-2D8D-4088-9773-A27FB41CFC50}.Release|Any CPU.ActiveCfg = Release|Any CPU
		{F4E095A0-2D8D-4088-9773-A27FB41CFC50}.Release|Any CPU.Build.0 = Release|Any CPU
		{4DAE78FC-5C07-48F4-B563-32EBB75C18D8}.Debug|Any CPU.ActiveCfg = Debug|Any CPU
		{4DAE78FC-5C07-48F4-B563-32EBB75C18D8}.Debug|Any CPU.Build.0 = Debug|Any CPU
		{4DAE78FC-5C07-48F4-B563-32EBB75C18D8}.Release|Any CPU.ActiveCfg = Release|Any CPU
		{4DAE78FC-5C07-48F4-B563-32EBB75C18D8}.Release|Any CPU.Build.0 = Release|Any CPU
		{74C43386-7142-4B7D-B7AB-8EE721F91919}.Debug|Any CPU.ActiveCfg = Debug|Any CPU
		{74C43386-7142-4B7D-B7AB-8EE721F91919}.Debug|Any CPU.Build.0 = Debug|Any CPU
		{74C43386-7142-4B7D-B7AB-8EE721F91919}.Release|Any CPU.ActiveCfg = Release|Any CPU
		{74C43386-7142-4B7D-B7AB-8EE721F91919}.Release|Any CPU.Build.0 = Release|Any CPU
		{1D1642DA-E796-4245-9CA7-018EE64E33F1}.Debug|Any CPU.ActiveCfg = Debug|Any CPU
		{1D1642DA-E796-4245-9CA7-018EE64E33F1}.Debug|Any CPU.Build.0 = Debug|Any CPU
		{1D1642DA-E796-4245-9CA7-018EE64E33F1}.Release|Any CPU.ActiveCfg = Release|Any CPU
		{1D1642DA-E796-4245-9CA7-018EE64E33F1}.Release|Any CPU.Build.0 = Release|Any CPU
		{D7FC7520-D12D-4039-B469-1596C6097710}.Debug|Any CPU.ActiveCfg = Debug|Any CPU
		{D7FC7520-D12D-4039-B469-1596C6097710}.Debug|Any CPU.Build.0 = Debug|Any CPU
		{D7FC7520-D12D-4039-B469-1596C6097710}.Release|Any CPU.ActiveCfg = Release|Any CPU
		{D7FC7520-D12D-4039-B469-1596C6097710}.Release|Any CPU.Build.0 = Release|Any CPU
		{6E4EBBDB-1DE1-4F79-9AD1-259A30D33B39}.Debug|Any CPU.ActiveCfg = Debug|Any CPU
		{6E4EBBDB-1DE1-4F79-9AD1-259A30D33B39}.Debug|Any CPU.Build.0 = Debug|Any CPU
		{6E4EBBDB-1DE1-4F79-9AD1-259A30D33B39}.Release|Any CPU.ActiveCfg = Release|Any CPU
		{6E4EBBDB-1DE1-4F79-9AD1-259A30D33B39}.Release|Any CPU.Build.0 = Release|Any CPU
		{345D9CE9-EAB4-48F8-AF21-2280F2647F5B}.Debug|Any CPU.ActiveCfg = Debug|Any CPU
		{345D9CE9-EAB4-48F8-AF21-2280F2647F5B}.Debug|Any CPU.Build.0 = Debug|Any CPU
		{345D9CE9-EAB4-48F8-AF21-2280F2647F5B}.Release|Any CPU.ActiveCfg = Release|Any CPU
		{345D9CE9-EAB4-48F8-AF21-2280F2647F5B}.Release|Any CPU.Build.0 = Release|Any CPU
	EndGlobalSection
	GlobalSection(SolutionProperties) = preSolution
		HideSolutionNode = FALSE
	EndGlobalSection
	GlobalSection(NestedProjects) = preSolution
		{4CD3F137-91AB-4CBD-8345-75A83801FB27} = {44BA394C-C7AC-441F-90DC-25A91C7ECB5B}
		{D29BFC98-1500-4B92-8740-A077992ED88E} = {44BA394C-C7AC-441F-90DC-25A91C7ECB5B}
		{F6D298DC-7115-48F1-8EC0-59D98DB57572} = {44BA394C-C7AC-441F-90DC-25A91C7ECB5B}
		{DAEC1D3B-EE5E-4CA2-A320-980B3898F1B5} = {F6D298DC-7115-48F1-8EC0-59D98DB57572}
		{0FFE29B2-E790-4A9B-B933-65E24BC76AB4} = {F6D298DC-7115-48F1-8EC0-59D98DB57572}
		{B3848B45-CE3A-4056-BFD6-5DD6187239C0} = {F6D298DC-7115-48F1-8EC0-59D98DB57572}
		{CD51AFEB-39DC-4056-9AA3-2692E226E97A} = {47B81CB8-1FFC-4A64-80AF-B5691C9321AB}
		{343B5E78-6C27-48C2-A2D6-3D44621504FB} = {0F11D228-56D8-4316-944E-754D0855E8CA}
		{472332BB-E5D7-4077-AA26-68E59DC17224} = {AFF92869-A7D6-4363-A5D6-45AEF3BE33FB}
		{AFF92869-A7D6-4363-A5D6-45AEF3BE33FB} = {0F11D228-56D8-4316-944E-754D0855E8CA}
		{83739810-0243-4822-8F99-0C1ADC764B27} = {AFF92869-A7D6-4363-A5D6-45AEF3BE33FB}
		{6DA31E17-0A8F-464B-9837-97A65469569C} = {5F1A8D77-A82F-4A75-BA44-31B44A9EA46A}
		{2BFACDC3-F44D-4199-8498-F5C3C4AC0335} = {7E15635F-4C7D-4663-921E-2B806DA90A93}
		{E461C0A8-8900-485C-B520-E929BA33F712} = {7E15635F-4C7D-4663-921E-2B806DA90A93}
		{D0E4B1B5-419B-4C58-8D48-C520846C5BBA} = {5F1A8D77-A82F-4A75-BA44-31B44A9EA46A}
		{10A5FEF3-2A25-41A3-B8E9-1C2F43C80DB4} = {5F1A8D77-A82F-4A75-BA44-31B44A9EA46A}
		{9DA8A8E0-BF1E-430F-9EBA-0F2EC29BDD5F} = {02943A02-A654-44DC-896A-FB71DC3C98C0}
		{0B2ABEE8-0E3E-49A4-A6BC-C08FA88E22F4} = {02943A02-A654-44DC-896A-FB71DC3C98C0}
		{A2CC7D71-8ECF-4318-A0DE-31E26D9F5F7F} = {02943A02-A654-44DC-896A-FB71DC3C98C0}
		{37BD61C5-75C6-4A59-A600-4F44E7F29E64} = {FE0BFF6D-5CED-4FA4-883B-9B7F5B57B06E}
		{9666A25E-BC82-487A-A2BF-FF02E7DD010C} = {FE0BFF6D-5CED-4FA4-883B-9B7F5B57B06E}
		{15F750E5-CA97-42C4-A133-1B2CD0A8D64D} = {3CD32F44-6820-40A2-9D13-5EBA3F3C6982}
		{F8AA0E74-C14F-4E81-A5DB-C457B8C34552} = {3CD32F44-6820-40A2-9D13-5EBA3F3C6982}
		{488810AF-8A12-4906-A59F-5759801E01B6} = {F8AA0E74-C14F-4E81-A5DB-C457B8C34552}
		{8DA2AEDB-9F5E-47D1-B745-EBD61FC4C446} = {F8AA0E74-C14F-4E81-A5DB-C457B8C34552}
		{6AB580F9-7020-45CF-955F-A9A5AB2EAFF5} = {41335653-BD60-4A2F-989F-2245306B6D69}
		{26F9B1D0-97F0-4C1F-AE3A-7B0C32A74BCB} = {C2F65678-F5D2-477D-B8D9-4CDBCCEFE30B}
		{04F2C793-FB45-4008-A07F-06D14F420533} = {C2F65678-F5D2-477D-B8D9-4CDBCCEFE30B}
		{FB1C78F7-D83E-453D-B297-C7D56F7EC221} = {61681DEC-0DF7-477E-BB80-723B29A0DD5D}
		{F4E095A0-2D8D-4088-9773-A27FB41CFC50} = {61681DEC-0DF7-477E-BB80-723B29A0DD5D}
		{4DAE78FC-5C07-48F4-B563-32EBB75C18D8} = {61681DEC-0DF7-477E-BB80-723B29A0DD5D}
		{74C43386-7142-4B7D-B7AB-8EE721F91919} = {4F3ADA19-D920-4F35-85D5-B80B3A21BB4A}
		{1D1642DA-E796-4245-9CA7-018EE64E33F1} = {4F3ADA19-D920-4F35-85D5-B80B3A21BB4A}
		{D7FC7520-D12D-4039-B469-1596C6097710} = {78AF78D7-240B-4CEA-A4E4-25C7BD68006B}
		{6E4EBBDB-1DE1-4F79-9AD1-259A30D33B39} = {EDCA3EE9-F9B2-45DC-A2C2-78EE1BFAC1C1}
		{345D9CE9-EAB4-48F8-AF21-2280F2647F5B} = {4F3ADA19-D920-4F35-85D5-B80B3A21BB4A}
	EndGlobalSection
	GlobalSection(ExtensibilityGlobals) = postSolution
		SolutionGuid = {7113F0C5-8A43-4AC4-8700-23C5823E617D}
	EndGlobalSection
EndGlobal
